// !$*UTF8*$!
{
	archiveVersion = 1;
	classes = {
	};
	objectVersion = 46;
	objects = {

/* Begin PBXBuildFile section */
		761B241E1CA4E8B0005CE426 /* MovieListController.swift in Sources */ = {isa = PBXBuildFile; fileRef = 761B241D1CA4E8B0005CE426 /* MovieListController.swift */; };
		761B24221CA4F9CA005CE426 /* MovieDetailController.swift in Sources */ = {isa = PBXBuildFile; fileRef = 761B24211CA4F9CA005CE426 /* MovieDetailController.swift */; };
		761B24241CA53DF1005CE426 /* SessionListController.swift in Sources */ = {isa = PBXBuildFile; fileRef = 761B24231CA53DF1005CE426 /* SessionListController.swift */; };
		761B24261CA54FB7005CE426 /* BookingHistroyController.swift in Sources */ = {isa = PBXBuildFile; fileRef = 761B24251CA54FB7005CE426 /* BookingHistroyController.swift */; };
		761B24281CA554D3005CE426 /* Main.storyboard in Resources */ = {isa = PBXBuildFile; fileRef = 761B24271CA554D3005CE426 /* Main.storyboard */; };
		9E6A4EE11C9FD09600E94F2F /* AppDelegate.swift in Sources */ = {isa = PBXBuildFile; fileRef = 9E6A4EE01C9FD09600E94F2F /* AppDelegate.swift */; };
		9E6A4EE31C9FD09600E94F2F /* ViewController.swift in Sources */ = {isa = PBXBuildFile; fileRef = 9E6A4EE21C9FD09600E94F2F /* ViewController.swift */; };
		9E6A4EE81C9FD09600E94F2F /* Assets.xcassets in Resources */ = {isa = PBXBuildFile; fileRef = 9E6A4EE71C9FD09600E94F2F /* Assets.xcassets */; };
		9E6A4EEB1C9FD09600E94F2F /* LaunchScreen.storyboard in Resources */ = {isa = PBXBuildFile; fileRef = 9E6A4EE91C9FD09600E94F2F /* LaunchScreen.storyboard */; };
		9E6A4EF61C9FD09600E94F2F /* iPhoneAssignmentTests.swift in Sources */ = {isa = PBXBuildFile; fileRef = 9E6A4EF51C9FD09600E94F2F /* iPhoneAssignmentTests.swift */; };
		9E6A4F011C9FD09600E94F2F /* iPhoneAssignmentUITests.swift in Sources */ = {isa = PBXBuildFile; fileRef = 9E6A4F001C9FD09600E94F2F /* iPhoneAssignmentUITests.swift */; };
		9E6A4F101C9FD3AF00E94F2F /* MovieModel.swift in Sources */ = {isa = PBXBuildFile; fileRef = 9E6A4F0F1C9FD3AF00E94F2F /* MovieModel.swift */; };
/* End PBXBuildFile section */

/* Begin PBXContainerItemProxy section */
		9E6A4EF21C9FD09600E94F2F /* PBXContainerItemProxy */ = {
			isa = PBXContainerItemProxy;
			containerPortal = 9E6A4ED51C9FD09600E94F2F /* Project object */;
			proxyType = 1;
			remoteGlobalIDString = 9E6A4EDC1C9FD09600E94F2F;
			remoteInfo = iPhoneAssignment;
		};
		9E6A4EFD1C9FD09600E94F2F /* PBXContainerItemProxy */ = {
			isa = PBXContainerItemProxy;
			containerPortal = 9E6A4ED51C9FD09600E94F2F /* Project object */;
			proxyType = 1;
			remoteGlobalIDString = 9E6A4EDC1C9FD09600E94F2F;
			remoteInfo = iPhoneAssignment;
		};
/* End PBXContainerItemProxy section */

/* Begin PBXFileReference section */
		761B241D1CA4E8B0005CE426 /* MovieListController.swift */ = {isa = PBXFileReference; fileEncoding = 4; lastKnownFileType = sourcecode.swift; path = MovieListController.swift; sourceTree = "<group>"; };
		761B24211CA4F9CA005CE426 /* MovieDetailController.swift */ = {isa = PBXFileReference; fileEncoding = 4; lastKnownFileType = sourcecode.swift; path = MovieDetailController.swift; sourceTree = "<group>"; };
		761B24231CA53DF1005CE426 /* SessionListController.swift */ = {isa = PBXFileReference; fileEncoding = 4; lastKnownFileType = sourcecode.swift; path = SessionListController.swift; sourceTree = "<group>"; };
		761B24251CA54FB7005CE426 /* BookingHistroyController.swift */ = {isa = PBXFileReference; fileEncoding = 4; lastKnownFileType = sourcecode.swift; path = BookingHistroyController.swift; sourceTree = "<group>"; };
		761B24271CA554D3005CE426 /* Main.storyboard */ = {isa = PBXFileReference; fileEncoding = 4; lastKnownFileType = file.storyboard; path = Main.storyboard; sourceTree = "<group>"; };
		9E6A4EDD1C9FD09600E94F2F /* iPhoneAssignment.app */ = {isa = PBXFileReference; explicitFileType = wrapper.application; includeInIndex = 0; path = iPhoneAssignment.app; sourceTree = BUILT_PRODUCTS_DIR; };
		9E6A4EE01C9FD09600E94F2F /* AppDelegate.swift */ = {isa = PBXFileReference; lastKnownFileType = sourcecode.swift; path = AppDelegate.swift; sourceTree = "<group>"; };
		9E6A4EE21C9FD09600E94F2F /* ViewController.swift */ = {isa = PBXFileReference; lastKnownFileType = sourcecode.swift; path = ViewController.swift; sourceTree = "<group>"; };
		9E6A4EE71C9FD09600E94F2F /* Assets.xcassets */ = {isa = PBXFileReference; lastKnownFileType = folder.assetcatalog; path = Assets.xcassets; sourceTree = "<group>"; };
		9E6A4EEA1C9FD09600E94F2F /* Base */ = {isa = PBXFileReference; lastKnownFileType = file.storyboard; name = Base; path = Base.lproj/LaunchScreen.storyboard; sourceTree = "<group>"; };
		9E6A4EEC1C9FD09600E94F2F /* Info.plist */ = {isa = PBXFileReference; lastKnownFileType = text.plist.xml; path = Info.plist; sourceTree = "<group>"; };
		9E6A4EF11C9FD09600E94F2F /* iPhoneAssignmentTests.xctest */ = {isa = PBXFileReference; explicitFileType = wrapper.cfbundle; includeInIndex = 0; path = iPhoneAssignmentTests.xctest; sourceTree = BUILT_PRODUCTS_DIR; };
		9E6A4EF51C9FD09600E94F2F /* iPhoneAssignmentTests.swift */ = {isa = PBXFileReference; lastKnownFileType = sourcecode.swift; path = iPhoneAssignmentTests.swift; sourceTree = "<group>"; };
		9E6A4EF71C9FD09600E94F2F /* Info.plist */ = {isa = PBXFileReference; lastKnownFileType = text.plist.xml; path = Info.plist; sourceTree = "<group>"; };
		9E6A4EFC1C9FD09600E94F2F /* iPhoneAssignmentUITests.xctest */ = {isa = PBXFileReference; explicitFileType = wrapper.cfbundle; includeInIndex = 0; path = iPhoneAssignmentUITests.xctest; sourceTree = BUILT_PRODUCTS_DIR; };
		9E6A4F001C9FD09600E94F2F /* iPhoneAssignmentUITests.swift */ = {isa = PBXFileReference; lastKnownFileType = sourcecode.swift; path = iPhoneAssignmentUITests.swift; sourceTree = "<group>"; };
		9E6A4F021C9FD09600E94F2F /* Info.plist */ = {isa = PBXFileReference; lastKnownFileType = text.plist.xml; path = Info.plist; sourceTree = "<group>"; };
		9E6A4F0F1C9FD3AF00E94F2F /* MovieModel.swift */ = {isa = PBXFileReference; fileEncoding = 4; lastKnownFileType = sourcecode.swift; path = MovieModel.swift; sourceTree = "<group>"; };
/* End PBXFileReference section */

/* Begin PBXFrameworksBuildPhase section */
		9E6A4EDA1C9FD09600E94F2F /* Frameworks */ = {
			isa = PBXFrameworksBuildPhase;
			buildActionMask = 2147483647;
			files = (
			);
			runOnlyForDeploymentPostprocessing = 0;
		};
		9E6A4EEE1C9FD09600E94F2F /* Frameworks */ = {
			isa = PBXFrameworksBuildPhase;
			buildActionMask = 2147483647;
			files = (
			);
			runOnlyForDeploymentPostprocessing = 0;
		};
		9E6A4EF91C9FD09600E94F2F /* Frameworks */ = {
			isa = PBXFrameworksBuildPhase;
			buildActionMask = 2147483647;
			files = (
			);
			runOnlyForDeploymentPostprocessing = 0;
		};
/* End PBXFrameworksBuildPhase section */

/* Begin PBXGroup section */
		761B24181CA4E787005CE426 /* Controller */ = {
			isa = PBXGroup;
			children = (
				761B241D1CA4E8B0005CE426 /* MovieListController.swift */,
				761B24211CA4F9CA005CE426 /* MovieDetailController.swift */,
				761B24231CA53DF1005CE426 /* SessionListController.swift */,
				761B24251CA54FB7005CE426 /* BookingHistroyController.swift */,
			);
			name = Controller;
			sourceTree = "<group>";
		};
		9E6A4ED41C9FD09600E94F2F = {
			isa = PBXGroup;
			children = (
				9E6A4EDF1C9FD09600E94F2F /* iPhoneAssignment */,
				9E6A4EF41C9FD09600E94F2F /* iPhoneAssignmentTests */,
				9E6A4EFF1C9FD09600E94F2F /* iPhoneAssignmentUITests */,
				9E6A4EDE1C9FD09600E94F2F /* Products */,
			);
			sourceTree = "<group>";
		};
		9E6A4EDE1C9FD09600E94F2F /* Products */ = {
			isa = PBXGroup;
			children = (
				9E6A4EDD1C9FD09600E94F2F /* iPhoneAssignment.app */,
				9E6A4EF11C9FD09600E94F2F /* iPhoneAssignmentTests.xctest */,
				9E6A4EFC1C9FD09600E94F2F /* iPhoneAssignmentUITests.xctest */,
			);
			name = Products;
			sourceTree = "<group>";
		};
		9E6A4EDF1C9FD09600E94F2F /* iPhoneAssignment */ = {
			isa = PBXGroup;
			children = (
				761B24181CA4E787005CE426 /* Controller */,
				9E6A4F0E1C9FD38000E94F2F /* Model */,
				9E6A4EE01C9FD09600E94F2F /* AppDelegate.swift */,
				761B24271CA554D3005CE426 /* Main.storyboard */,
				9E6A4EE21C9FD09600E94F2F /* ViewController.swift */,
				9E6A4EE71C9FD09600E94F2F /* Assets.xcassets */,
				9E6A4EE91C9FD09600E94F2F /* LaunchScreen.storyboard */,
				9E6A4EEC1C9FD09600E94F2F /* Info.plist */,
			);
			path = iPhoneAssignment;
			sourceTree = "<group>";
		};
		9E6A4EF41C9FD09600E94F2F /* iPhoneAssignmentTests */ = {
			isa = PBXGroup;
			children = (
				9E6A4EF51C9FD09600E94F2F /* iPhoneAssignmentTests.swift */,
				9E6A4EF71C9FD09600E94F2F /* Info.plist */,
			);
			path = iPhoneAssignmentTests;
			sourceTree = "<group>";
		};
		9E6A4EFF1C9FD09600E94F2F /* iPhoneAssignmentUITests */ = {
			isa = PBXGroup;
			children = (
				9E6A4F001C9FD09600E94F2F /* iPhoneAssignmentUITests.swift */,
				9E6A4F021C9FD09600E94F2F /* Info.plist */,
			);
			path = iPhoneAssignmentUITests;
			sourceTree = "<group>";
		};
		9E6A4F0E1C9FD38000E94F2F /* Model */ = {
			isa = PBXGroup;
			children = (
				9E6A4F0F1C9FD3AF00E94F2F /* MovieModel.swift */,
			);
			name = Model;
			sourceTree = "<group>";
		};
/* End PBXGroup section */

/* Begin PBXNativeTarget section */
		9E6A4EDC1C9FD09600E94F2F /* iPhoneAssignment */ = {
			isa = PBXNativeTarget;
			buildConfigurationList = 9E6A4F051C9FD09600E94F2F /* Build configuration list for PBXNativeTarget "iPhoneAssignment" */;
			buildPhases = (
				9E6A4ED91C9FD09600E94F2F /* Sources */,
				9E6A4EDA1C9FD09600E94F2F /* Frameworks */,
				9E6A4EDB1C9FD09600E94F2F /* Resources */,
			);
			buildRules = (
			);
			dependencies = (
			);
			name = iPhoneAssignment;
			productName = iPhoneAssignment;
			productReference = 9E6A4EDD1C9FD09600E94F2F /* iPhoneAssignment.app */;
			productType = "com.apple.product-type.application";
		};
		9E6A4EF01C9FD09600E94F2F /* iPhoneAssignmentTests */ = {
			isa = PBXNativeTarget;
			buildConfigurationList = 9E6A4F081C9FD09600E94F2F /* Build configuration list for PBXNativeTarget "iPhoneAssignmentTests" */;
			buildPhases = (
				9E6A4EED1C9FD09600E94F2F /* Sources */,
				9E6A4EEE1C9FD09600E94F2F /* Frameworks */,
				9E6A4EEF1C9FD09600E94F2F /* Resources */,
			);
			buildRules = (
			);
			dependencies = (
				9E6A4EF31C9FD09600E94F2F /* PBXTargetDependency */,
			);
			name = iPhoneAssignmentTests;
			productName = iPhoneAssignmentTests;
			productReference = 9E6A4EF11C9FD09600E94F2F /* iPhoneAssignmentTests.xctest */;
			productType = "com.apple.product-type.bundle.unit-test";
		};
		9E6A4EFB1C9FD09600E94F2F /* iPhoneAssignmentUITests */ = {
			isa = PBXNativeTarget;
			buildConfigurationList = 9E6A4F0B1C9FD09600E94F2F /* Build configuration list for PBXNativeTarget "iPhoneAssignmentUITests" */;
			buildPhases = (
				9E6A4EF81C9FD09600E94F2F /* Sources */,
				9E6A4EF91C9FD09600E94F2F /* Frameworks */,
				9E6A4EFA1C9FD09600E94F2F /* Resources */,
			);
			buildRules = (
			);
			dependencies = (
				9E6A4EFE1C9FD09600E94F2F /* PBXTargetDependency */,
			);
			name = iPhoneAssignmentUITests;
			productName = iPhoneAssignmentUITests;
			productReference = 9E6A4EFC1C9FD09600E94F2F /* iPhoneAssignmentUITests.xctest */;
			productType = "com.apple.product-type.bundle.ui-testing";
		};
/* End PBXNativeTarget section */

/* Begin PBXProject section */
		9E6A4ED51C9FD09600E94F2F /* Project object */ = {
			isa = PBXProject;
			attributes = {
				LastSwiftUpdateCheck = 0720;
				LastUpgradeCheck = 0720;
				ORGANIZATIONNAME = rmit;
				TargetAttributes = {
					9E6A4EDC1C9FD09600E94F2F = {
						CreatedOnToolsVersion = 7.2;
					};
					9E6A4EF01C9FD09600E94F2F = {
						CreatedOnToolsVersion = 7.2;
						TestTargetID = 9E6A4EDC1C9FD09600E94F2F;
					};
					9E6A4EFB1C9FD09600E94F2F = {
						CreatedOnToolsVersion = 7.2;
						TestTargetID = 9E6A4EDC1C9FD09600E94F2F;
					};
				};
			};
			buildConfigurationList = 9E6A4ED81C9FD09600E94F2F /* Build configuration list for PBXProject "iPhoneAssignment" */;
			compatibilityVersion = "Xcode 3.2";
			developmentRegion = English;
			hasScannedForEncodings = 0;
			knownRegions = (
				en,
				Base,
			);
			mainGroup = 9E6A4ED41C9FD09600E94F2F;
			productRefGroup = 9E6A4EDE1C9FD09600E94F2F /* Products */;
			projectDirPath = "";
			projectRoot = "";
			targets = (
				9E6A4EDC1C9FD09600E94F2F /* iPhoneAssignment */,
				9E6A4EF01C9FD09600E94F2F /* iPhoneAssignmentTests */,
				9E6A4EFB1C9FD09600E94F2F /* iPhoneAssignmentUITests */,
			);
		};
/* End PBXProject section */

/* Begin PBXResourcesBuildPhase section */
		9E6A4EDB1C9FD09600E94F2F /* Resources */ = {
			isa = PBXResourcesBuildPhase;
			buildActionMask = 2147483647;
			files = (
				761B24281CA554D3005CE426 /* Main.storyboard in Resources */,
				9E6A4EEB1C9FD09600E94F2F /* LaunchScreen.storyboard in Resources */,
				9E6A4EE81C9FD09600E94F2F /* Assets.xcassets in Resources */,
			);
			runOnlyForDeploymentPostprocessing = 0;
		};
		9E6A4EEF1C9FD09600E94F2F /* Resources */ = {
			isa = PBXResourcesBuildPhase;
			buildActionMask = 2147483647;
			files = (
			);
			runOnlyForDeploymentPostprocessing = 0;
		};
		9E6A4EFA1C9FD09600E94F2F /* Resources */ = {
			isa = PBXResourcesBuildPhase;
			buildActionMask = 2147483647;
			files = (
			);
			runOnlyForDeploymentPostprocessing = 0;
		};
/* End PBXResourcesBuildPhase section */

/* Begin PBXSourcesBuildPhase section */
		9E6A4ED91C9FD09600E94F2F /* Sources */ = {
			isa = PBXSourcesBuildPhase;
			buildActionMask = 2147483647;
			files = (
				761B24241CA53DF1005CE426 /* SessionListController.swift in Sources */,
				761B24261CA54FB7005CE426 /* BookingHistroyController.swift in Sources */,
				761B241E1CA4E8B0005CE426 /* MovieListController.swift in Sources */,
				9E6A4F101C9FD3AF00E94F2F /* MovieModel.swift in Sources */,
				761B24221CA4F9CA005CE426 /* MovieDetailController.swift in Sources */,
				9E6A4EE31C9FD09600E94F2F /* ViewController.swift in Sources */,
				9E6A4EE11C9FD09600E94F2F /* AppDelegate.swift in Sources */,
			);
			runOnlyForDeploymentPostprocessing = 0;
		};
		9E6A4EED1C9FD09600E94F2F /* Sources */ = {
			isa = PBXSourcesBuildPhase;
			buildActionMask = 2147483647;
			files = (
				9E6A4EF61C9FD09600E94F2F /* iPhoneAssignmentTests.swift in Sources */,
			);
			runOnlyForDeploymentPostprocessing = 0;
		};
		9E6A4EF81C9FD09600E94F2F /* Sources */ = {
			isa = PBXSourcesBuildPhase;
			buildActionMask = 2147483647;
			files = (
				9E6A4F011C9FD09600E94F2F /* iPhoneAssignmentUITests.swift in Sources */,
			);
			runOnlyForDeploymentPostprocessing = 0;
		};
/* End PBXSourcesBuildPhase section */

/* Begin PBXTargetDependency section */
		9E6A4EF31C9FD09600E94F2F /* PBXTargetDependency */ = {
			isa = PBXTargetDependency;
			target = 9E6A4EDC1C9FD09600E94F2F /* iPhoneAssignment */;
			targetProxy = 9E6A4EF21C9FD09600E94F2F /* PBXContainerItemProxy */;
		};
		9E6A4EFE1C9FD09600E94F2F /* PBXTargetDependency */ = {
			isa = PBXTargetDependency;
			target = 9E6A4EDC1C9FD09600E94F2F /* iPhoneAssignment */;
			targetProxy = 9E6A4EFD1C9FD09600E94F2F /* PBXContainerItemProxy */;
		};
/* End PBXTargetDependency section */

/* Begin PBXVariantGroup section */
		9E6A4EE91C9FD09600E94F2F /* LaunchScreen.storyboard */ = {
			isa = PBXVariantGroup;
			children = (
				9E6A4EEA1C9FD09600E94F2F /* Base */,
			);
			name = LaunchScreen.storyboard;
			sourceTree = "<group>";
		};
/* End PBXVariantGroup section */

/* Begin XCBuildConfiguration section */
		9E6A4F031C9FD09600E94F2F /* Debug */ = {
			isa = XCBuildConfiguration;
			buildSettings = {
				ALWAYS_SEARCH_USER_PATHS = NO;
				CLANG_CXX_LANGUAGE_STANDARD = "gnu++0x";
				CLANG_CXX_LIBRARY = "libc++";
				CLANG_ENABLE_MODULES = YES;
				CLANG_ENABLE_OBJC_ARC = YES;
				CLANG_WARN_BOOL_CONVERSION = YES;
				CLANG_WARN_CONSTANT_CONVERSION = YES;
				CLANG_WARN_DIRECT_OBJC_ISA_USAGE = YES_ERROR;
				CLANG_WARN_EMPTY_BODY = YES;
				CLANG_WARN_ENUM_CONVERSION = YES;
				CLANG_WARN_INT_CONVERSION = YES;
				CLANG_WARN_OBJC_ROOT_CLASS = YES_ERROR;
				CLANG_WARN_UNREACHABLE_CODE = YES;
				CLANG_WARN__DUPLICATE_METHOD_MATCH = YES;
				"CODE_SIGN_IDENTITY[sdk=iphoneos*]" = "iPhone Developer";
				COPY_PHASE_STRIP = NO;
				DEBUG_INFORMATION_FORMAT = dwarf;
				ENABLE_STRICT_OBJC_MSGSEND = YES;
				ENABLE_TESTABILITY = YES;
				GCC_C_LANGUAGE_STANDARD = gnu99;
				GCC_DYNAMIC_NO_PIC = NO;
				GCC_NO_COMMON_BLOCKS = YES;
				GCC_OPTIMIZATION_LEVEL = 0;
				GCC_PREPROCESSOR_DEFINITIONS = (
					"DEBUG=1",
					"$(inherited)",
				);
				GCC_WARN_64_TO_32_BIT_CONVERSION = YES;
				GCC_WARN_ABOUT_RETURN_TYPE = YES_ERROR;
				GCC_WARN_UNDECLARED_SELECTOR = YES;
				GCC_WARN_UNINITIALIZED_AUTOS = YES_AGGRESSIVE;
				GCC_WARN_UNUSED_FUNCTION = YES;
				GCC_WARN_UNUSED_VARIABLE = YES;
				IPHONEOS_DEPLOYMENT_TARGET = 9.2;
				MTL_ENABLE_DEBUG_INFO = YES;
				ONLY_ACTIVE_ARCH = YES;
				SDKROOT = iphoneos;
				SWIFT_OPTIMIZATION_LEVEL = "-Onone";
				TARGETED_DEVICE_FAMILY = "1,2";
			};
			name = Debug;
		};
		9E6A4F041C9FD09600E94F2F /* Release */ = {
			isa = XCBuildConfiguration;
			buildSettings = {
				ALWAYS_SEARCH_USER_PATHS = NO;
				CLANG_CXX_LANGUAGE_STANDARD = "gnu++0x";
				CLANG_CXX_LIBRARY = "libc++";
				CLANG_ENABLE_MODULES = YES;
				CLANG_ENABLE_OBJC_ARC = YES;
				CLANG_WARN_BOOL_CONVERSION = YES;
				CLANG_WARN_CONSTANT_CONVERSION = YES;
				CLANG_WARN_DIRECT_OBJC_ISA_USAGE = YES_ERROR;
				CLANG_WARN_EMPTY_BODY = YES;
				CLANG_WARN_ENUM_CONVERSION = YES;
				CLANG_WARN_INT_CONVERSION = YES;
				CLANG_WARN_OBJC_ROOT_CLASS = YES_ERROR;
				CLANG_WARN_UNREACHABLE_CODE = YES;
				CLANG_WARN__DUPLICATE_METHOD_MATCH = YES;
				"CODE_SIGN_IDENTITY[sdk=iphoneos*]" = "iPhone Developer";
				COPY_PHASE_STRIP = NO;
				DEBUG_INFORMATION_FORMAT = "dwarf-with-dsym";
				ENABLE_NS_ASSERTIONS = NO;
				ENABLE_STRICT_OBJC_MSGSEND = YES;
				GCC_C_LANGUAGE_STANDARD = gnu99;
				GCC_NO_COMMON_BLOCKS = YES;
				GCC_WARN_64_TO_32_BIT_CONVERSION = YES;
				GCC_WARN_ABOUT_RETURN_TYPE = YES_ERROR;
				GCC_WARN_UNDECLARED_SELECTOR = YES;
				GCC_WARN_UNINITIALIZED_AUTOS = YES_AGGRESSIVE;
				GCC_WARN_UNUSED_FUNCTION = YES;
				GCC_WARN_UNUSED_VARIABLE = YES;
				IPHONEOS_DEPLOYMENT_TARGET = 9.2;
				MTL_ENABLE_DEBUG_INFO = NO;
				SDKROOT = iphoneos;
				TARGETED_DEVICE_FAMILY = "1,2";
				VALIDATE_PRODUCT = YES;
			};
			name = Release;
		};
		9E6A4F061C9FD09600E94F2F /* Debug */ = {
			isa = XCBuildConfiguration;
			buildSettings = {
				ASSETCATALOG_COMPILER_APPICON_NAME = AppIcon;
				INFOPLIST_FILE = iPhoneAssignment/Info.plist;
				LD_RUNPATH_SEARCH_PATHS = "$(inherited) @executable_path/Frameworks";
				PRODUCT_BUNDLE_IDENTIFIER = com.rmit.iphone.iPhoneAssignment;
				PRODUCT_NAME = "$(TARGET_NAME)";
			};
			name = Debug;
		};
		9E6A4F071C9FD09600E94F2F /* Release */ = {
			isa = XCBuildConfiguration;
			buildSettings = {
				ASSETCATALOG_COMPILER_APPICON_NAME = AppIcon;
				INFOPLIST_FILE = iPhoneAssignment/Info.plist;
				LD_RUNPATH_SEARCH_PATHS = "$(inherited) @executable_path/Frameworks";
				PRODUCT_BUNDLE_IDENTIFIER = com.rmit.iphone.iPhoneAssignment;
				PRODUCT_NAME = "$(TARGET_NAME)";
			};
			name = Release;
		};
		9E6A4F091C9FD09600E94F2F /* Debug */ = {
			isa = XCBuildConfiguration;
			buildSettings = {
				BUNDLE_LOADER = "$(TEST_HOST)";
				INFOPLIST_FILE = iPhoneAssignmentTests/Info.plist;
				LD_RUNPATH_SEARCH_PATHS = "$(inherited) @executable_path/Frameworks @loader_path/Frameworks";
				PRODUCT_BUNDLE_IDENTIFIER = com.rmit.iphone.iPhoneAssignmentTests;
				PRODUCT_NAME = "$(TARGET_NAME)";
				TEST_HOST = "$(BUILT_PRODUCTS_DIR)/iPhoneAssignment.app/iPhoneAssignment";
			};
			name = Debug;
		};
		9E6A4F0A1C9FD09600E94F2F /* Release */ = {
			isa = XCBuildConfiguration;
			buildSettings = {
				BUNDLE_LOADER = "$(TEST_HOST)";
				INFOPLIST_FILE = iPhoneAssignmentTests/Info.plist;
				LD_RUNPATH_SEARCH_PATHS = "$(inherited) @executable_path/Frameworks @loader_path/Frameworks";
				PRODUCT_BUNDLE_IDENTIFIER = com.rmit.iphone.iPhoneAssignmentTests;
				PRODUCT_NAME = "$(TARGET_NAME)";
				TEST_HOST = "$(BUILT_PRODUCTS_DIR)/iPhoneAssignment.app/iPhoneAssignment";
			};
			name = Release;
		};
		9E6A4F0C1C9FD09600E94F2F /* Debug */ = {
			isa = XCBuildConfiguration;
			buildSettings = {
				INFOPLIST_FILE = iPhoneAssignmentUITests/Info.plist;
				LD_RUNPATH_SEARCH_PATHS = "$(inherited) @executable_path/Frameworks @loader_path/Frameworks";
				PRODUCT_BUNDLE_IDENTIFIER = com.rmit.iphone.iPhoneAssignmentUITests;
				PRODUCT_NAME = "$(TARGET_NAME)";
				TEST_TARGET_NAME = iPhoneAssignment;
				USES_XCTRUNNER = YES;
			};
			name = Debug;
		};
		9E6A4F0D1C9FD09600E94F2F /* Release */ = {
			isa = XCBuildConfiguration;
			buildSettings = {
				INFOPLIST_FILE = iPhoneAssignmentUITests/Info.plist;
				LD_RUNPATH_SEARCH_PATHS = "$(inherited) @executable_path/Frameworks @loader_path/Frameworks";
				PRODUCT_BUNDLE_IDENTIFIER = com.rmit.iphone.iPhoneAssignmentUITests;
				PRODUCT_NAME = "$(TARGET_NAME)";
				TEST_TARGET_NAME = iPhoneAssignment;
				USES_XCTRUNNER = YES;
			};
			name = Release;
		};
/* End XCBuildConfiguration section */

/* Begin XCConfigurationList section */
		9E6A4ED81C9FD09600E94F2F /* Build configuration list for PBXProject "iPhoneAssignment" */ = {
			isa = XCConfigurationList;
			buildConfigurations = (
				9E6A4F031C9FD09600E94F2F /* Debug */,
				9E6A4F041C9FD09600E94F2F /* Release */,
			);
			defaultConfigurationIsVisible = 0;
			defaultConfigurationName = Release;
		};
		9E6A4F051C9FD09600E94F2F /* Build configuration list for PBXNativeTarget "iPhoneAssignment" */ = {
			isa = XCConfigurationList;
			buildConfigurations = (
				9E6A4F061C9FD09600E94F2F /* Debug */,
				9E6A4F071C9FD09600E94F2F /* Release */,
			);
			defaultConfigurationIsVisible = 0;
			defaultConfigurationName = Release;
		};
		9E6A4F081C9FD09600E94F2F /* Build configuration list for PBXNativeTarget "iPhoneAssignmentTests" */ = {
			isa = XCConfigurationList;
			buildConfigurations = (
				9E6A4F091C9FD09600E94F2F /* Debug */,
				9E6A4F0A1C9FD09600E94F2F /* Release */,
			);
			defaultConfigurationIsVisible = 0;
			defaultConfigurationName = Release;
		};
		9E6A4F0B1C9FD09600E94F2F /* Build configuration list for PBXNativeTarget "iPhoneAssignmentUITests" */ = {
			isa = XCConfigurationList;
			buildConfigurations = (
				9E6A4F0C1C9FD09600E94F2F /* Debug */,
				9E6A4F0D1C9FD09600E94F2F /* Release */,
			);
			defaultConfigurationIsVisible = 0;
			defaultConfigurationName = Release;
		};
/* End XCConfigurationList section */
	};
	rootObject = 9E6A4ED51C9FD09600E94F2F /* Project object */;
}
